
Microsoft Visual Studio Solution File, Format Version 12.00
# Visual Studio 15
VisualStudioVersion = 15.0.28010.2050
MinimumVisualStudioVersion = 10.0.40219.1
Project("{FAE04EC0-301F-11D3-BF4B-00C04F79EFBC}") = "PhurmanAndTheBoiz.API", "PhurmanAndTheBoiz.API\PhurmanAndTheBoiz.API.csproj", "{81EEED6E-BD35-4D85-91C9-33BA7AFA9795}"
EndProject
Global
	GlobalSection(SolutionConfigurationPlatforms) = preSolution
		Debug|Any CPU = Debug|Any CPU
		Release|Any CPU = Release|Any CPU
	EndGlobalSection
	GlobalSection(ProjectConfigurationPlatforms) = postSolution
		{81EEED6E-BD35-4D85-91C9-33BA7AFA9795}.Debug|Any CPU.ActiveCfg = Debug|Any CPU
		{81EEED6E-BD35-4D85-91C9-33BA7AFA9795}.Debug|Any CPU.Build.0 = Debug|Any CPU
		{81EEED6E-BD35-4D85-91C9-33BA7AFA9795}.Release|Any CPU.ActiveCfg = Release|Any CPU
		{81EEED6E-BD35-4D85-91C9-33BA7AFA9795}.Release|Any CPU.Build.0 = Release|Any CPU
	EndGlobalSection
	GlobalSection(SolutionProperties) = preSolution
		HideSolutionNode = FALSE
	EndGlobalSection
	GlobalSection(ExtensibilityGlobals) = postSolution
		SolutionGuid = {4CBF23A3-AAF5-4DEE-8109-5D15BE96FA8A}
	EndGlobalSection
EndGlobal
